PODS:
  - acs_plugin (0.0.1):
    - AzureCommunicationCalling (~> 2.15.1)
    - Flutter
  - AzureCommunicationCalling (2.15.1):
    - AzureCommunicationCommon (~> 1.0)
  - AzureCommunicationCommon (1.2.0)
  - Flutter (1.0.0)
  - integration_test (0.0.1):
    - Flutter

DEPENDENCIES:
  - acs_plugin (from `.symlinks/plugins/acs_plugin/ios`)
  - AzureCommunicationCalling (~> 2.15.1)
  - Flutter (from `Flutter`)
  - integration_test (from `.symlinks/plugins/integration_test/ios`)

SPEC REPOS:
  trunk:
    - AzureCommunicationCalling
    - AzureCommunicationCommon

EXTERNAL SOURCES:
  acs_plugin:
    :path: ".symlinks/plugins/acs_plugin/ios"
  Flutter:
    :path: Flutter
  integration_test:
    :path: ".symlinks/plugins/integration_test/ios"

SPEC CHECKSUMS:
  acs_plugin: c4fa5a9a81dab23661162da16e7bec4e8141632b
  AzureCommunicationCalling: a374d99e6c6c6f4589c61eeb59ca193aea48727e
  AzureCommunicationCommon: 130a21be2be889f83dc4adbf994af6285f962de8
  Flutter: e0871f40cf51350855a761d2e70bf5af5b9b5de7
  integration_test: 4a889634ef21a45d28d50d622cf412dc6d9f586e

PODFILE CHECKSUM: 873b5bfcae461e76f8f3aa08d98088b86b747438

COCOAPODS: 1.16.2
