PODS:
  - acs_plugin (0.0.1):
    - AzureCommunicationCalling (= 2.14.1)
    - AzureCommunicationChat (= 1.3.7)
    - Flutter
    - MicrosoftFluentUI/ActivityIndicator_ios (= 0.10.0)
    - MicrosoftFluentUI/Avatar_ios (= 0.10.0)
    - MicrosoftFluentUI/AvatarGroup_ios (= 0.10.0)
    - MicrosoftFluentUI/BottomSheet_ios (= 0.10.0)
    - MicrosoftFluentUI/Button_ios (= 0.10.0)
    - MicrosoftFluentUI/PopupMenu_ios (= 0.10.0)
  - AzureCommunicationCalling (2.14.1):
    - AzureCommunicationCommon (~> 1.0)
  - AzureCommunicationChat (1.3.7):
    - AzureCommunicationCommon (~> 1.2.0)
    - AzureCore (= 1.0.0-beta.16)
    - Trouter (= 0.2.0)
  - AzureCommunicationCommon (1.2.0)
  - AzureCore (1.0.0-beta.16)
  - DTTJailbreakDetection (0.4.0)
  - Flutter (1.0.0)
  - integration_test (0.0.1):
    - Flutter
  - MicrosoftFluentUI/ActivityIndicator_ios (0.10.0):
    - MicrosoftFluentUI/Core_ios
  - MicrosoftFluentUI/Avatar_ios (0.10.0):
    - MicrosoftFluentUI/Core_ios
  - MicrosoftFluentUI/AvatarGroup_ios (0.10.0):
    - MicrosoftFluentUI/Avatar_ios
  - MicrosoftFluentUI/BottomSheet_ios (0.10.0):
    - MicrosoftFluentUI/Obscurable_ios
    - MicrosoftFluentUI/ResizingHandleView_ios
  - MicrosoftFluentUI/Button_ios (0.10.0):
    - MicrosoftFluentUI/Core_ios
  - MicrosoftFluentUI/Core_ios (0.10.0)
  - MicrosoftFluentUI/Drawer_ios (0.10.0):
    - MicrosoftFluentUI/Obscurable_ios
    - MicrosoftFluentUI/ResizingHandleView_ios
    - MicrosoftFluentUI/Separator_ios
    - MicrosoftFluentUI/TouchForwardingView_ios
  - MicrosoftFluentUI/Label_ios (0.10.0):
    - MicrosoftFluentUI/Core_ios
  - MicrosoftFluentUI/Obscurable_ios (0.10.0):
    - MicrosoftFluentUI/Core_ios
  - MicrosoftFluentUI/PopupMenu_ios (0.10.0):
    - MicrosoftFluentUI/Drawer_ios
    - MicrosoftFluentUI/Label_ios
    - MicrosoftFluentUI/Separator_ios
    - MicrosoftFluentUI/TableView_ios
  - MicrosoftFluentUI/ResizingHandleView_ios (0.10.0):
    - MicrosoftFluentUI/Core_ios
  - MicrosoftFluentUI/Separator_ios (0.10.0):
    - MicrosoftFluentUI/Core_ios
  - MicrosoftFluentUI/TableView_ios (0.10.0):
    - MicrosoftFluentUI/Label_ios
    - MicrosoftFluentUI/Separator_ios
  - MicrosoftFluentUI/TouchForwardingView_ios (0.10.0):
    - MicrosoftFluentUI/Core_ios
  - safe_device (1.0.0):
    - DTTJailbreakDetection
    - Flutter
  - Trouter (0.2.0)

DEPENDENCIES:
  - acs_plugin (from `.symlinks/plugins/acs_plugin/ios`)
  - AzureCommunicationCalling (= 2.14.1)
  - AzureCommunicationChat (= 1.3.7)
  - Flutter (from `Flutter`)
  - integration_test (from `.symlinks/plugins/integration_test/ios`)
  - MicrosoftFluentUI/ActivityIndicator_ios (= 0.10.0)
  - MicrosoftFluentUI/Avatar_ios (= 0.10.0)
  - MicrosoftFluentUI/AvatarGroup_ios (= 0.10.0)
  - MicrosoftFluentUI/BottomSheet_ios (= 0.10.0)
  - MicrosoftFluentUI/Button_ios (= 0.10.0)
  - MicrosoftFluentUI/PopupMenu_ios (= 0.10.0)
  - safe_device (from `.symlinks/plugins/safe_device/ios`)

SPEC REPOS:
  trunk:
    - AzureCommunicationCalling
    - AzureCommunicationChat
    - AzureCommunicationCommon
    - AzureCore
    - DTTJailbreakDetection
    - MicrosoftFluentUI
    - Trouter

EXTERNAL SOURCES:
  acs_plugin:
    :path: ".symlinks/plugins/acs_plugin/ios"
  Flutter:
    :path: Flutter
  integration_test:
    :path: ".symlinks/plugins/integration_test/ios"
  safe_device:
    :path: ".symlinks/plugins/safe_device/ios"

SPEC CHECKSUMS:
  acs_plugin: cefcf283907a6553e5dcc3ebc431d849b47c013a
  AzureCommunicationCalling: 8907740906f89374676d0b28ae1de9af491a950b
  AzureCommunicationChat: 2997f9ce17f7663e503684f7aa4312f6954a65ee
  AzureCommunicationCommon: 130a21be2be889f83dc4adbf994af6285f962de8
  AzureCore: 1e940658808f94fdf6a23264febfc516fb59fe3e
  DTTJailbreakDetection: 5e356c5badc17995f65a83ed9483f787a0057b71
  Flutter: e0871f40cf51350855a761d2e70bf5af5b9b5de7
  integration_test: 252f60fa39af5e17c3aa9899d35d908a0721b573
  MicrosoftFluentUI: f6db695718efb93f4ca9bdc366c00b80a1f91dba
  safe_device: 4539eb6bdbeb4b61a763a51c4e73e6b37dea4e3d
  Trouter: 7eab36954ad740e32db3ff9f6025b0dff92193d7

PODFILE CHECKSUM: c95e948df9a5913135b2a9d6cf04e96eeeeddf01

COCOAPODS: 1.16.2
