PODS:
  - acs_plugin (0.0.1):
    - AzureCommunicationCalling (~> 2.15.0)
    - Flutter
  - AzureCommunicationCalling (2.15.0):
    - AzureCommunicationCommon (~> 1.0)
  - AzureCommunicationCommon (1.2.0)
  - Flutter (1.0.0)
  - integration_test (0.0.1):
    - Flutter

DEPENDENCIES:
  - acs_plugin (from `.symlinks/plugins/acs_plugin/ios`)
  - AzureCommunicationCalling (= 2.15.0)
  - Flutter (from `Flutter`)
  - integration_test (from `.symlinks/plugins/integration_test/ios`)

SPEC REPOS:
  trunk:
    - AzureCommunicationCalling
    - AzureCommunicationCommon

EXTERNAL SOURCES:
  acs_plugin:
    :path: ".symlinks/plugins/acs_plugin/ios"
  Flutter:
    :path: Flutter
  integration_test:
    :path: ".symlinks/plugins/integration_test/ios"

SPEC CHECKSUMS:
  acs_plugin: df93b86e635933485522c2185070a6d5b69d6c78
  AzureCommunicationCalling: 96df4da223a0faa2926ff7a99c6960ee1eec14a3
  AzureCommunicationCommon: 130a21be2be889f83dc4adbf994af6285f962de8
  Flutter: e0871f40cf51350855a761d2e70bf5af5b9b5de7
  integration_test: 4a889634ef21a45d28d50d622cf412dc6d9f586e

PODFILE CHECKSUM: d5279bdbcca9d49149c125b4c6edcaa97ec4d041

COCOAPODS: 1.16.2
